PODS:
  - Flutter (1.0.0)
  - flutter_web_browser (0.11.0):
    - Flutter
  - fluttertoast (0.0.2):
    - Flutter
  - share (0.5.2):
    - Flutter
  - shared_preferences (0.0.1):
    - Flutter
  - url_launcher (0.0.1):
    - Flutter

DEPENDENCIES:
  - Flutter (from `.symlinks/flutter/ios`)
  - flutter_web_browser (from `.symlinks/plugins/flutter_web_browser/ios`)
  - fluttertoast (from `.symlinks/plugins/fluttertoast/ios`)
  - share (from `.symlinks/plugins/share/ios`)
  - shared_preferences (from `.symlinks/plugins/shared_preferences/ios`)
  - url_launcher (from `.symlinks/plugins/url_launcher/ios`)

EXTERNAL SOURCES:
  Flutter:
    :path: ".symlinks/flutter/ios"
  flutter_web_browser:
    :path: ".symlinks/plugins/flutter_web_browser/ios"
  fluttertoast:
    :path: ".symlinks/plugins/fluttertoast/ios"
  share:
    :path: ".symlinks/plugins/share/ios"
  shared_preferences:
    :path: ".symlinks/plugins/shared_preferences/ios"
  url_launcher:
    :path: ".symlinks/plugins/url_launcher/ios"

SPEC CHECKSUMS:
  Flutter: 58dd7d1b27887414a370fcccb9e645c08ffd7a6a
  flutter_web_browser: bdea232160dec44dec86540bee05168cc844ef7c
  fluttertoast: b644586ef3b16f67fae9a1f8754cef6b2d6b634b
  share: 7d22fe8baedfe93aefd864bf0b73f29711fbb0a3
  shared_preferences: 1feebfa37bb57264736e16865e7ffae7fc99b523
  url_launcher: 0067ddb8f10d36786672aa0722a21717dba3a298

PODFILE CHECKSUM: 7fb83752f59ead6285236625b82473f90b1cb932

COCOAPODS: 1.7.5
